
Microsoft Visual Studio Solution File, Format Version 12.00
# Visual Studio Version 17
VisualStudioVersion = 17.3.32929.385
MinimumVisualStudioVersion = 10.0.40219.1
Project("{FAE04EC0-301F-11D3-BF4B-00C04F79EFBC}") = "PutorialMC.Web", "PutorialMC.Web\PutorialMC.Web.csproj", "{0C5A897E-B899-4009-9819-3F3F2867FD31}"
EndProject
Global
	GlobalSection(SolutionConfigurationPlatforms) = preSolution
		Debug|Any CPU = Debug|Any CPU
		Release|Any CPU = Release|Any CPU
	EndGlobalSection
	GlobalSection(ProjectConfigurationPlatforms) = postSolution
		{0C5A897E-B899-4009-9819-3F3F2867FD31}.Debug|Any CPU.ActiveCfg = Debug|Any CPU
		{0C5A897E-B899-4009-9819-3F3F2867FD31}.Debug|Any CPU.Build.0 = Debug|Any CPU
		{0C5A897E-B899-4009-9819-3F3F2867FD31}.Release|Any CPU.ActiveCfg = Release|Any CPU
		{0C5A897E-B899-4009-9819-3F3F2867FD31}.Release|Any CPU.Build.0 = Release|Any CPU
	EndGlobalSection
	GlobalSection(SolutionProperties) = preSolution
		HideSolutionNode = FALSE
	EndGlobalSection
	GlobalSection(ExtensibilityGlobals) = postSolution
		SolutionGuid = {054835A7-7683-4420-AA8A-6EC67811A241}
	EndGlobalSection
EndGlobal
