
Microsoft Visual Studio Solution File, Format Version 12.00
# Visual Studio Version 17
VisualStudioVersion = 17.3.32929.385
MinimumVisualStudioVersion = 10.0.40219.1
Project("{9A19103F-16F7-4668-BE54-9A1E7A4F7556}") = "putorialesMC.Web", "putorialesMC\putorialesMC.Web.csproj", "{DD6EE454-B4C6-41DC-8945-C92AF9D74F54}"
EndProject
Global
	GlobalSection(SolutionConfigurationPlatforms) = preSolution
		Debug|Any CPU = Debug|Any CPU
		Release|Any CPU = Release|Any CPU
	EndGlobalSection
	GlobalSection(ProjectConfigurationPlatforms) = postSolution
		{DD6EE454-B4C6-41DC-8945-C92AF9D74F54}.Debug|Any CPU.ActiveCfg = Debug|Any CPU
		{DD6EE454-B4C6-41DC-8945-C92AF9D74F54}.Debug|Any CPU.Build.0 = Debug|Any CPU
		{DD6EE454-B4C6-41DC-8945-C92AF9D74F54}.Release|Any CPU.ActiveCfg = Release|Any CPU
		{DD6EE454-B4C6-41DC-8945-C92AF9D74F54}.Release|Any CPU.Build.0 = Release|Any CPU
	EndGlobalSection
	GlobalSection(SolutionProperties) = preSolution
		HideSolutionNode = FALSE
	EndGlobalSection
	GlobalSection(ExtensibilityGlobals) = postSolution
		SolutionGuid = {2B2AA4FB-E27C-4737-B1C7-FA661955753F}
	EndGlobalSection
EndGlobal
